// !$*UTF8*$!
{
	archiveVersion = 1;
	classes = {
	};
	objectVersion = 56;
	objects = {

/* Begin PBXBuildFile section */
		02052C1C2A3E447A001F85EE /* Localizable.strings in Resources */ = {isa = PBXBuildFile; fileRef = 02052C1E2A3E447A001F85EE /* Localizable.strings */; };
		02052C212A3E48CC001F85EE /* R.generated.swift in Sources */ = {isa = PBXBuildFile; fileRef = 02052C202A3E48CC001F85EE /* R.generated.swift */; };
		02052C232A3E48DF001F85EE /* R.generated.swift in Sources */ = {isa = PBXBuildFile; fileRef = 02052C222A3E48DF001F85EE /* R.generated.swift */; };
		02052C252A3E511F001F85EE /* BackgroundVideo.mp4 in Resources */ = {isa = PBXBuildFile; fileRef = 02052C242A3E511F001F85EE /* BackgroundVideo.mp4 */; };
		0225B40E2A3E0C2500096A65 /* AppDelegate.swift in Sources */ = {isa = PBXBuildFile; fileRef = 0225B40D2A3E0C2500096A65 /* AppDelegate.swift */; };
		0225B4122A3E0C2500096A65 /* WheaterViewController.swift in Sources */ = {isa = PBXBuildFile; fileRef = 0225B4112A3E0C2500096A65 /* WheaterViewController.swift */; };
		0225B4172A3E0C2600096A65 /* Assets.xcassets in Resources */ = {isa = PBXBuildFile; fileRef = 0225B4162A3E0C2600096A65 /* Assets.xcassets */; };
		0225B41A2A3E0C2600096A65 /* LaunchScreen.storyboard in Resources */ = {isa = PBXBuildFile; fileRef = 0225B4182A3E0C2600096A65 /* LaunchScreen.storyboard */; };
		02C4726E2A3E0FA700043ACF /* WheaterViewModel.swift in Sources */ = {isa = PBXBuildFile; fileRef = 02C4726D2A3E0FA700043ACF /* WheaterViewModel.swift */; };
		02C472702A3E108000043ACF /* WheaterView.swift in Sources */ = {isa = PBXBuildFile; fileRef = 02C4726F2A3E108000043ACF /* WheaterView.swift */; };
		02C472722A3E184200043ACF /* HeaderTableView.swift in Sources */ = {isa = PBXBuildFile; fileRef = 02C472712A3E184200043ACF /* HeaderTableView.swift */; };
		02C472752A3E19AD00043ACF /* WeatherTodayTableViewCell.swift in Sources */ = {isa = PBXBuildFile; fileRef = 02C472742A3E19AD00043ACF /* WeatherTodayTableViewCell.swift */; };
		0CE0EF29E02F602616E67173 /* Pods_Wheater.framework in Frameworks */ = {isa = PBXBuildFile; fileRef = 4F3595D9755E47159E233FB9 /* Pods_Wheater.framework */; };
/* End PBXBuildFile section */

/* Begin PBXFileReference section */
		02052C1D2A3E447A001F85EE /* en */ = {isa = PBXFileReference; lastKnownFileType = text.plist.strings; name = en; path = en.lproj/Localizable.strings; sourceTree = "<group>"; };
		02052C202A3E48CC001F85EE /* R.generated.swift */ = {isa = PBXFileReference; fileEncoding = 4; lastKnownFileType = sourcecode.swift; name = R.generated.swift; path = Wheater/ApplicationLayer/Resources/R.generated.swift; sourceTree = SOURCE_ROOT; };
		02052C222A3E48DF001F85EE /* R.generated.swift */ = {isa = PBXFileReference; fileEncoding = 4; lastKnownFileType = sourcecode.swift; path = R.generated.swift; sourceTree = "<group>"; };
		02052C242A3E511F001F85EE /* BackgroundVideo.mp4 */ = {isa = PBXFileReference; lastKnownFileType = file; name = BackgroundVideo.mp4; path = ../../../../../../../Downloads/BackgroundVideo.mp4; sourceTree = "<group>"; };
		0225B40A2A3E0C2500096A65 /* Wheater.app */ = {isa = PBXFileReference; explicitFileType = wrapper.application; includeInIndex = 0; path = Wheater.app; sourceTree = BUILT_PRODUCTS_DIR; };
		0225B40D2A3E0C2500096A65 /* AppDelegate.swift */ = {isa = PBXFileReference; lastKnownFileType = sourcecode.swift; path = AppDelegate.swift; sourceTree = "<group>"; };
		0225B4112A3E0C2500096A65 /* WheaterViewController.swift */ = {isa = PBXFileReference; lastKnownFileType = sourcecode.swift; path = WheaterViewController.swift; sourceTree = "<group>"; };
		0225B4162A3E0C2600096A65 /* Assets.xcassets */ = {isa = PBXFileReference; lastKnownFileType = folder.assetcatalog; path = Assets.xcassets; sourceTree = "<group>"; };
		0225B4192A3E0C2600096A65 /* Base */ = {isa = PBXFileReference; lastKnownFileType = file.storyboard; name = Base; path = Base.lproj/LaunchScreen.storyboard; sourceTree = "<group>"; };
		0225B41B2A3E0C2600096A65 /* Info.plist */ = {isa = PBXFileReference; lastKnownFileType = text.plist.xml; path = Info.plist; sourceTree = "<group>"; };
		02C4726D2A3E0FA700043ACF /* WheaterViewModel.swift */ = {isa = PBXFileReference; lastKnownFileType = sourcecode.swift; path = WheaterViewModel.swift; sourceTree = "<group>"; };
		02C4726F2A3E108000043ACF /* WheaterView.swift */ = {isa = PBXFileReference; lastKnownFileType = sourcecode.swift; path = WheaterView.swift; sourceTree = "<group>"; };
		02C472712A3E184200043ACF /* HeaderTableView.swift */ = {isa = PBXFileReference; lastKnownFileType = sourcecode.swift; path = HeaderTableView.swift; sourceTree = "<group>"; };
		02C472742A3E19AD00043ACF /* WeatherTodayTableViewCell.swift */ = {isa = PBXFileReference; lastKnownFileType = sourcecode.swift; path = WeatherTodayTableViewCell.swift; sourceTree = "<group>"; };
		3E0D1A96FEF9B40C8435E02D /* Pods-Wheater.release.xcconfig */ = {isa = PBXFileReference; includeInIndex = 1; lastKnownFileType = text.xcconfig; name = "Pods-Wheater.release.xcconfig"; path = "Target Support Files/Pods-Wheater/Pods-Wheater.release.xcconfig"; sourceTree = "<group>"; };
		4F3595D9755E47159E233FB9 /* Pods_Wheater.framework */ = {isa = PBXFileReference; explicitFileType = wrapper.framework; includeInIndex = 0; path = Pods_Wheater.framework; sourceTree = BUILT_PRODUCTS_DIR; };
		801C6964EEF2D312A57B566C /* Pods-Wheater.debug.xcconfig */ = {isa = PBXFileReference; includeInIndex = 1; lastKnownFileType = text.xcconfig; name = "Pods-Wheater.debug.xcconfig"; path = "Target Support Files/Pods-Wheater/Pods-Wheater.debug.xcconfig"; sourceTree = "<group>"; };
/* End PBXFileReference section */

/* Begin PBXFrameworksBuildPhase section */
		0225B4072A3E0C2500096A65 /* Frameworks */ = {
			isa = PBXFrameworksBuildPhase;
			buildActionMask = 2147483647;
			files = (
				0CE0EF29E02F602616E67173 /* Pods_Wheater.framework in Frameworks */,
			);
			runOnlyForDeploymentPostprocessing = 0;
		};
/* End PBXFrameworksBuildPhase section */

/* Begin PBXGroup section */
		02052C172A3E43C0001F85EE /* Resources */ = {
			isa = PBXGroup;
			children = (
				02052C192A3E442B001F85EE /* Localization */,
				0225B4162A3E0C2600096A65 /* Assets.xcassets */,
				02052C242A3E511F001F85EE /* BackgroundVideo.mp4 */,
				0225B4182A3E0C2600096A65 /* LaunchScreen.storyboard */,
				0225B41B2A3E0C2600096A65 /* Info.plist */,
				02052C222A3E48DF001F85EE /* R.generated.swift */,
			);
			path = Resources;
			sourceTree = "<group>";
		};
		02052C182A3E43C6001F85EE /* Application */ = {
			isa = PBXGroup;
			children = (
				0225B40D2A3E0C2500096A65 /* AppDelegate.swift */,
			);
			path = Application;
			sourceTree = "<group>";
		};
		02052C192A3E442B001F85EE /* Localization */ = {
			isa = PBXGroup;
			children = (
				02052C202A3E48CC001F85EE /* R.generated.swift */,
				02052C1E2A3E447A001F85EE /* Localizable.strings */,
			);
			path = Localization;
			sourceTree = "<group>";
		};
		0225B4012A3E0C2500096A65 = {
			isa = PBXGroup;
			children = (
				0225B40C2A3E0C2500096A65 /* Wheater */,
				0225B40B2A3E0C2500096A65 /* Products */,
				6157DF7760A9F6F8EC89A300 /* Pods */,
				DE9E4F4DC596721E579D158B /* Frameworks */,
			);
			sourceTree = "<group>";
		};
		0225B40B2A3E0C2500096A65 /* Products */ = {
			isa = PBXGroup;
			children = (
				0225B40A2A3E0C2500096A65 /* Wheater.app */,
			);
			name = Products;
			sourceTree = "<group>";
		};
		0225B40C2A3E0C2500096A65 /* Wheater */ = {
			isa = PBXGroup;
			children = (
				02C472672A3E0DA800043ACF /* ApplicationLayer */,
				02C472682A3E0DB800043ACF /* BusinessLayer */,
				02C472692A3E0DC300043ACF /* PresentationLayer */,
			);
			path = Wheater;
			sourceTree = "<group>";
		};
		02C472672A3E0DA800043ACF /* ApplicationLayer */ = {
			isa = PBXGroup;
			children = (
				02052C182A3E43C6001F85EE /* Application */,
				02052C172A3E43C0001F85EE /* Resources */,
			);
			path = ApplicationLayer;
			sourceTree = "<group>";
		};
		02C472682A3E0DB800043ACF /* BusinessLayer */ = {
			isa = PBXGroup;
			children = (
			);
			path = BusinessLayer;
			sourceTree = "<group>";
		};
		02C472692A3E0DC300043ACF /* PresentationLayer */ = {
			isa = PBXGroup;
			children = (
				02C4726A2A3E0F6F00043ACF /* WeatherModul */,
			);
			path = PresentationLayer;
			sourceTree = "<group>";
		};
		02C4726A2A3E0F6F00043ACF /* WeatherModul */ = {
			isa = PBXGroup;
			children = (
				02C4726B2A3E0F7E00043ACF /* Views */,
				0225B4112A3E0C2500096A65 /* WheaterViewController.swift */,
				02C4726D2A3E0FA700043ACF /* WheaterViewModel.swift */,
			);
			path = WeatherModul;
			sourceTree = "<group>";
		};
		02C4726B2A3E0F7E00043ACF /* Views */ = {
			isa = PBXGroup;
			children = (
				02C472732A3E18EC00043ACF /* Cells */,
				02C4726F2A3E108000043ACF /* WheaterView.swift */,
				02C472712A3E184200043ACF /* HeaderTableView.swift */,
			);
			path = Views;
			sourceTree = "<group>";
		};
		02C472732A3E18EC00043ACF /* Cells */ = {
			isa = PBXGroup;
			children = (
				02C472742A3E19AD00043ACF /* WeatherTodayTableViewCell.swift */,
			);
			path = Cells;
			sourceTree = "<group>";
		};
		6157DF7760A9F6F8EC89A300 /* Pods */ = {
			isa = PBXGroup;
			children = (
				801C6964EEF2D312A57B566C /* Pods-Wheater.debug.xcconfig */,
				3E0D1A96FEF9B40C8435E02D /* Pods-Wheater.release.xcconfig */,
			);
			path = Pods;
			sourceTree = "<group>";
		};
		DE9E4F4DC596721E579D158B /* Frameworks */ = {
			isa = PBXGroup;
			children = (
				4F3595D9755E47159E233FB9 /* Pods_Wheater.framework */,
			);
			name = Frameworks;
			sourceTree = "<group>";
		};
/* End PBXGroup section */

/* Begin PBXNativeTarget section */
		0225B4092A3E0C2500096A65 /* Wheater */ = {
			isa = PBXNativeTarget;
			buildConfigurationList = 0225B41E2A3E0C2600096A65 /* Build configuration list for PBXNativeTarget "Wheater" */;
			buildPhases = (
				B69D7ED939B51BE336B8AB71 /* [CP] Check Pods Manifest.lock */,
				02052C1F2A3E45EC001F85EE /* R.Swift */,
				0225B4062A3E0C2500096A65 /* Sources */,
				0225B4072A3E0C2500096A65 /* Frameworks */,
				0225B4082A3E0C2500096A65 /* Resources */,
				3DCAD92E3774E6D36612805F /* [CP] Embed Pods Frameworks */,
			);
			buildRules = (
			);
			dependencies = (
			);
			name = Wheater;
			productName = Wheater;
			productReference = 0225B40A2A3E0C2500096A65 /* Wheater.app */;
			productType = "com.apple.product-type.application";
		};
/* End PBXNativeTarget section */

/* Begin PBXProject section */
		0225B4022A3E0C2500096A65 /* Project object */ = {
			isa = PBXProject;
			attributes = {
				BuildIndependentTargetsInParallel = 1;
				LastSwiftUpdateCheck = 1430;
				LastUpgradeCheck = 1430;
				TargetAttributes = {
					0225B4092A3E0C2500096A65 = {
						CreatedOnToolsVersion = 14.3.1;
					};
				};
			};
			buildConfigurationList = 0225B4052A3E0C2500096A65 /* Build configuration list for PBXProject "Wheater" */;
			compatibilityVersion = "Xcode 14.0";
			developmentRegion = en;
			hasScannedForEncodings = 0;
			knownRegions = (
				en,
				Base,
			);
			mainGroup = 0225B4012A3E0C2500096A65;
			productRefGroup = 0225B40B2A3E0C2500096A65 /* Products */;
			projectDirPath = "";
			projectRoot = "";
			targets = (
				0225B4092A3E0C2500096A65 /* Wheater */,
			);
		};
/* End PBXProject section */

/* Begin PBXResourcesBuildPhase section */
		0225B4082A3E0C2500096A65 /* Resources */ = {
			isa = PBXResourcesBuildPhase;
			buildActionMask = 2147483647;
			files = (
				02052C252A3E511F001F85EE /* BackgroundVideo.mp4 in Resources */,
				0225B41A2A3E0C2600096A65 /* LaunchScreen.storyboard in Resources */,
				02052C1C2A3E447A001F85EE /* Localizable.strings in Resources */,
				0225B4172A3E0C2600096A65 /* Assets.xcassets in Resources */,
			);
			runOnlyForDeploymentPostprocessing = 0;
		};
/* End PBXResourcesBuildPhase section */

/* Begin PBXShellScriptBuildPhase section */
		02052C1F2A3E45EC001F85EE /* R.Swift */ = {
			isa = PBXShellScriptBuildPhase;
			alwaysOutOfDate = 1;
			buildActionMask = 2147483647;
			files = (
			);
			inputFileListPaths = (
			);
			inputPaths = (
			);
			name = R.Swift;
			outputFileListPaths = (
			);
			outputPaths = (
				$SRCROOT/Wheater/ApplicationLayer/Resources/R.generated.swift,
			);
			runOnlyForDeploymentPostprocessing = 0;
			shellPath = /bin/sh;
			shellScript = "\"$PODS_ROOT/R.swift/rswift\" generate \"$SRCROOT/Wheater/ApplicationLayer/Resources/R.generated.swift\"\n";
		};
		3DCAD92E3774E6D36612805F /* [CP] Embed Pods Frameworks */ = {
			isa = PBXShellScriptBuildPhase;
			buildActionMask = 2147483647;
			files = (
			);
			inputFileListPaths = (
				"${PODS_ROOT}/Target Support Files/Pods-Wheater/Pods-Wheater-frameworks-${CONFIGURATION}-input-files.xcfilelist",
			);
			name = "[CP] Embed Pods Frameworks";
			outputFileListPaths = (
				"${PODS_ROOT}/Target Support Files/Pods-Wheater/Pods-Wheater-frameworks-${CONFIGURATION}-output-files.xcfilelist",
			);
			runOnlyForDeploymentPostprocessing = 0;
			shellPath = /bin/sh;
			shellScript = "\"${PODS_ROOT}/Target Support Files/Pods-Wheater/Pods-Wheater-frameworks.sh\"\n";
			showEnvVarsInLog = 0;
		};
		B69D7ED939B51BE336B8AB71 /* [CP] Check Pods Manifest.lock */ = {
			isa = PBXShellScriptBuildPhase;
			buildActionMask = 2147483647;
			files = (
			);
			inputFileListPaths = (
			);
			inputPaths = (
				"${PODS_PODFILE_DIR_PATH}/Podfile.lock",
				"${PODS_ROOT}/Manifest.lock",
			);
			name = "[CP] Check Pods Manifest.lock";
			outputFileListPaths = (
			);
			outputPaths = (
				"$(DERIVED_FILE_DIR)/Pods-Wheater-checkManifestLockResult.txt",
			);
			runOnlyForDeploymentPostprocessing = 0;
			shellPath = /bin/sh;
			shellScript = "diff \"${PODS_PODFILE_DIR_PATH}/Podfile.lock\" \"${PODS_ROOT}/Manifest.lock\" > /dev/null\nif [ $? != 0 ] ; then\n    # print error to STDERR\n    echo \"error: The sandbox is not in sync with the Podfile.lock. Run 'pod install' or update your CocoaPods installation.\" >&2\n    exit 1\nfi\n# This output is used by Xcode 'outputs' to avoid re-running this script phase.\necho \"SUCCESS\" > \"${SCRIPT_OUTPUT_FILE_0}\"\n";
			showEnvVarsInLog = 0;
		};
/* End PBXShellScriptBuildPhase section */

/* Begin PBXSourcesBuildPhase section */
		0225B4062A3E0C2500096A65 /* Sources */ = {
			isa = PBXSourcesBuildPhase;
			buildActionMask = 2147483647;
			files = (
				0225B4122A3E0C2500096A65 /* WheaterViewController.swift in Sources */,
				02C472722A3E184200043ACF /* HeaderTableView.swift in Sources */,
				02052C232A3E48DF001F85EE /* R.generated.swift in Sources */,
				02C4726E2A3E0FA700043ACF /* WheaterViewModel.swift in Sources */,
				02052C212A3E48CC001F85EE /* R.generated.swift in Sources */,
				02C472752A3E19AD00043ACF /* WeatherTodayTableViewCell.swift in Sources */,
				0225B40E2A3E0C2500096A65 /* AppDelegate.swift in Sources */,
				02C472702A3E108000043ACF /* WheaterView.swift in Sources */,
			);
			runOnlyForDeploymentPostprocessing = 0;
		};
/* End PBXSourcesBuildPhase section */

/* Begin PBXVariantGroup section */
		02052C1E2A3E447A001F85EE /* Localizable.strings */ = {
			isa = PBXVariantGroup;
			children = (
				02052C1D2A3E447A001F85EE /* en */,
			);
			name = Localizable.strings;
			sourceTree = "<group>";
		};
		0225B4182A3E0C2600096A65 /* LaunchScreen.storyboard */ = {
			isa = PBXVariantGroup;
			children = (
				0225B4192A3E0C2600096A65 /* Base */,
			);
			name = LaunchScreen.storyboard;
			sourceTree = "<group>";
		};
/* End PBXVariantGroup section */

/* Begin XCBuildConfiguration section */
		0225B41C2A3E0C2600096A65 /* Debug */ = {
			isa = XCBuildConfiguration;
			buildSettings = {
				ALWAYS_SEARCH_USER_PATHS = NO;
				CLANG_ANALYZER_NONNULL = YES;
				CLANG_ANALYZER_NUMBER_OBJECT_CONVERSION = YES_AGGRESSIVE;
				CLANG_CXX_LANGUAGE_STANDARD = "gnu++20";
				CLANG_ENABLE_MODULES = YES;
				CLANG_ENABLE_OBJC_ARC = YES;
				CLANG_ENABLE_OBJC_WEAK = YES;
				CLANG_WARN_BLOCK_CAPTURE_AUTORELEASING = YES;
				CLANG_WARN_BOOL_CONVERSION = YES;
				CLANG_WARN_COMMA = YES;
				CLANG_WARN_CONSTANT_CONVERSION = YES;
				CLANG_WARN_DEPRECATED_OBJC_IMPLEMENTATIONS = YES;
				CLANG_WARN_DIRECT_OBJC_ISA_USAGE = YES_ERROR;
				CLANG_WARN_DOCUMENTATION_COMMENTS = YES;
				CLANG_WARN_EMPTY_BODY = YES;
				CLANG_WARN_ENUM_CONVERSION = YES;
				CLANG_WARN_INFINITE_RECURSION = YES;
				CLANG_WARN_INT_CONVERSION = YES;
				CLANG_WARN_NON_LITERAL_NULL_CONVERSION = YES;
				CLANG_WARN_OBJC_IMPLICIT_RETAIN_SELF = YES;
				CLANG_WARN_OBJC_LITERAL_CONVERSION = YES;
				CLANG_WARN_OBJC_ROOT_CLASS = YES_ERROR;
				CLANG_WARN_QUOTED_INCLUDE_IN_FRAMEWORK_HEADER = YES;
				CLANG_WARN_RANGE_LOOP_ANALYSIS = YES;
				CLANG_WARN_STRICT_PROTOTYPES = YES;
				CLANG_WARN_SUSPICIOUS_MOVE = YES;
				CLANG_WARN_UNGUARDED_AVAILABILITY = YES_AGGRESSIVE;
				CLANG_WARN_UNREACHABLE_CODE = YES;
				CLANG_WARN__DUPLICATE_METHOD_MATCH = YES;
				COPY_PHASE_STRIP = NO;
				DEBUG_INFORMATION_FORMAT = dwarf;
				ENABLE_STRICT_OBJC_MSGSEND = YES;
				ENABLE_TESTABILITY = YES;
				GCC_C_LANGUAGE_STANDARD = gnu11;
				GCC_DYNAMIC_NO_PIC = NO;
				GCC_NO_COMMON_BLOCKS = YES;
				GCC_OPTIMIZATION_LEVEL = 0;
				GCC_PREPROCESSOR_DEFINITIONS = (
					"DEBUG=1",
					"$(inherited)",
				);
				GCC_WARN_64_TO_32_BIT_CONVERSION = YES;
				GCC_WARN_ABOUT_RETURN_TYPE = YES_ERROR;
				GCC_WARN_UNDECLARED_SELECTOR = YES;
				GCC_WARN_UNINITIALIZED_AUTOS = YES_AGGRESSIVE;
				GCC_WARN_UNUSED_FUNCTION = YES;
				GCC_WARN_UNUSED_VARIABLE = YES;
				IPHONEOS_DEPLOYMENT_TARGET = 15.0;
				MTL_ENABLE_DEBUG_INFO = INCLUDE_SOURCE;
				MTL_FAST_MATH = YES;
				ONLY_ACTIVE_ARCH = YES;
				SDKROOT = iphoneos;
				SWIFT_ACTIVE_COMPILATION_CONDITIONS = DEBUG;
				SWIFT_OPTIMIZATION_LEVEL = "-Onone";
			};
			name = Debug;
		};
		0225B41D2A3E0C2600096A65 /* Release */ = {
			isa = XCBuildConfiguration;
			buildSettings = {
				ALWAYS_SEARCH_USER_PATHS = NO;
				CLANG_ANALYZER_NONNULL = YES;
				CLANG_ANALYZER_NUMBER_OBJECT_CONVERSION = YES_AGGRESSIVE;
				CLANG_CXX_LANGUAGE_STANDARD = "gnu++20";
				CLANG_ENABLE_MODULES = YES;
				CLANG_ENABLE_OBJC_ARC = YES;
				CLANG_ENABLE_OBJC_WEAK = YES;
				CLANG_WARN_BLOCK_CAPTURE_AUTORELEASING = YES;
				CLANG_WARN_BOOL_CONVERSION = YES;
				CLANG_WARN_COMMA = YES;
				CLANG_WARN_CONSTANT_CONVERSION = YES;
				CLANG_WARN_DEPRECATED_OBJC_IMPLEMENTATIONS = YES;
				CLANG_WARN_DIRECT_OBJC_ISA_USAGE = YES_ERROR;
				CLANG_WARN_DOCUMENTATION_COMMENTS = YES;
				CLANG_WARN_EMPTY_BODY = YES;
				CLANG_WARN_ENUM_CONVERSION = YES;
				CLANG_WARN_INFINITE_RECURSION = YES;
				CLANG_WARN_INT_CONVERSION = YES;
				CLANG_WARN_NON_LITERAL_NULL_CONVERSION = YES;
				CLANG_WARN_OBJC_IMPLICIT_RETAIN_SELF = YES;
				CLANG_WARN_OBJC_LITERAL_CONVERSION = YES;
				CLANG_WARN_OBJC_ROOT_CLASS = YES_ERROR;
				CLANG_WARN_QUOTED_INCLUDE_IN_FRAMEWORK_HEADER = YES;
				CLANG_WARN_RANGE_LOOP_ANALYSIS = YES;
				CLANG_WARN_STRICT_PROTOTYPES = YES;
				CLANG_WARN_SUSPICIOUS_MOVE = YES;
				CLANG_WARN_UNGUARDED_AVAILABILITY = YES_AGGRESSIVE;
				CLANG_WARN_UNREACHABLE_CODE = YES;
				CLANG_WARN__DUPLICATE_METHOD_MATCH = YES;
				COPY_PHASE_STRIP = NO;
				DEBUG_INFORMATION_FORMAT = "dwarf-with-dsym";
				ENABLE_NS_ASSERTIONS = NO;
				ENABLE_STRICT_OBJC_MSGSEND = YES;
				GCC_C_LANGUAGE_STANDARD = gnu11;
				GCC_NO_COMMON_BLOCKS = YES;
				GCC_WARN_64_TO_32_BIT_CONVERSION = YES;
				GCC_WARN_ABOUT_RETURN_TYPE = YES_ERROR;
				GCC_WARN_UNDECLARED_SELECTOR = YES;
				GCC_WARN_UNINITIALIZED_AUTOS = YES_AGGRESSIVE;
				GCC_WARN_UNUSED_FUNCTION = YES;
				GCC_WARN_UNUSED_VARIABLE = YES;
				IPHONEOS_DEPLOYMENT_TARGET = 15.0;
				MTL_ENABLE_DEBUG_INFO = NO;
				MTL_FAST_MATH = YES;
				SDKROOT = iphoneos;
				SWIFT_COMPILATION_MODE = wholemodule;
				SWIFT_OPTIMIZATION_LEVEL = "-O";
				VALIDATE_PRODUCT = YES;
			};
			name = Release;
		};
		0225B41F2A3E0C2600096A65 /* Debug */ = {
			isa = XCBuildConfiguration;
			baseConfigurationReference = 801C6964EEF2D312A57B566C /* Pods-Wheater.debug.xcconfig */;
			buildSettings = {
				ASSETCATALOG_COMPILER_APPICON_NAME = AppIcon;
				ASSETCATALOG_COMPILER_GLOBAL_ACCENT_COLOR_NAME = AccentColor;
				CODE_SIGN_STYLE = Automatic;
				CURRENT_PROJECT_VERSION = 1;
				DEVELOPMENT_TEAM = U84988C6Y5;
				GENERATE_INFOPLIST_FILE = YES;
				INFOPLIST_FILE = Wheater/ApplicationLayer/Resources/Info.plist;
				INFOPLIST_KEY_UIApplicationSupportsIndirectInputEvents = YES;
				INFOPLIST_KEY_UILaunchStoryboardName = LaunchScreen;
				INFOPLIST_KEY_UIMainStoryboardFile = "";
				INFOPLIST_KEY_UISupportedInterfaceOrientations_iPad = "UIInterfaceOrientationPortrait UIInterfaceOrientationPortraitUpsideDown UIInterfaceOrientationLandscapeLeft UIInterfaceOrientationLandscapeRight";
				INFOPLIST_KEY_UISupportedInterfaceOrientations_iPhone = "UIInterfaceOrientationPortrait UIInterfaceOrientationLandscapeLeft UIInterfaceOrientationLandscapeRight";
				IPHONEOS_DEPLOYMENT_TARGET = 15.0;
				LD_RUNPATH_SEARCH_PATHS = (
					"$(inherited)",
					"@executable_path/Frameworks",
				);
				MARKETING_VERSION = 1.0;
				PRODUCT_BUNDLE_IDENTIFIER = com.olegkalistratov.Wheater;
				PRODUCT_NAME = "$(TARGET_NAME)";
				SWIFT_EMIT_LOC_STRINGS = YES;
				SWIFT_VERSION = 5.0;
				TARGETED_DEVICE_FAMILY = "1,2";
			};
			name = Debug;
		};
		0225B4202A3E0C2600096A65 /* Release */ = {
			isa = XCBuildConfiguration;
			baseConfigurationReference = 3E0D1A96FEF9B40C8435E02D /* Pods-Wheater.release.xcconfig */;
			buildSettings = {
				ASSETCATALOG_COMPILER_APPICON_NAME = AppIcon;
				ASSETCATALOG_COMPILER_GLOBAL_ACCENT_COLOR_NAME = AccentColor;
				CODE_SIGN_STYLE = Automatic;
				CURRENT_PROJECT_VERSION = 1;
				DEVELOPMENT_TEAM = U84988C6Y5;
				GENERATE_INFOPLIST_FILE = YES;
				INFOPLIST_FILE = Wheater/ApplicationLayer/Resources/Info.plist;
				INFOPLIST_KEY_UIApplicationSupportsIndirectInputEvents = YES;
				INFOPLIST_KEY_UILaunchStoryboardName = LaunchScreen;
				INFOPLIST_KEY_UIMainStoryboardFile = "";
				INFOPLIST_KEY_UISupportedInterfaceOrientations_iPad = "UIInterfaceOrientationPortrait UIInterfaceOrientationPortraitUpsideDown UIInterfaceOrientationLandscapeLeft UIInterfaceOrientationLandscapeRight";
				INFOPLIST_KEY_UISupportedInterfaceOrientations_iPhone = "UIInterfaceOrientationPortrait UIInterfaceOrientationLandscapeLeft UIInterfaceOrientationLandscapeRight";
				IPHONEOS_DEPLOYMENT_TARGET = 15.0;
				LD_RUNPATH_SEARCH_PATHS = (
					"$(inherited)",
					"@executable_path/Frameworks",
				);
				MARKETING_VERSION = 1.0;
				PRODUCT_BUNDLE_IDENTIFIER = com.olegkalistratov.Wheater;
				PRODUCT_NAME = "$(TARGET_NAME)";
				SWIFT_EMIT_LOC_STRINGS = YES;
				SWIFT_VERSION = 5.0;
				TARGETED_DEVICE_FAMILY = "1,2";
			};
			name = Release;
		};
/* End XCBuildConfiguration section */

/* Begin XCConfigurationList section */
		0225B4052A3E0C2500096A65 /* Build configuration list for PBXProject "Wheater" */ = {
			isa = XCConfigurationList;
			buildConfigurations = (
				0225B41C2A3E0C2600096A65 /* Debug */,
				0225B41D2A3E0C2600096A65 /* Release */,
			);
			defaultConfigurationIsVisible = 0;
			defaultConfigurationName = Release;
		};
		0225B41E2A3E0C2600096A65 /* Build configuration list for PBXNativeTarget "Wheater" */ = {
			isa = XCConfigurationList;
			buildConfigurations = (
				0225B41F2A3E0C2600096A65 /* Debug */,
				0225B4202A3E0C2600096A65 /* Release */,
			);
			defaultConfigurationIsVisible = 0;
			defaultConfigurationName = Release;
		};
/* End XCConfigurationList section */
	};
	rootObject = 0225B4022A3E0C2500096A65 /* Project object */;
}
