PODS:
  - R.swift (7.0.1)
  - SnapKit (5.6.0)

DEPENDENCIES:
  - R.swift (~> 7.0.0)
  - SnapKit (~> 5.6.0)

SPEC REPOS:
  trunk:
    - R.swift
    - SnapKit

SPEC CHECKSUMS:
  R.swift: 30096a13394e3e0449d0d00c74185e4523e83d8c
  SnapKit: e01d52ebb8ddbc333eefe2132acf85c8227d9c25

PODFILE CHECKSUM: 3c395b10d6c621d639d433f66814a272231fa647

COCOAPODS: 1.12.1
